
Microsoft Visual Studio Solution File, Format Version 12.00
# Visual Studio Version 16
VisualStudioVersion = 16.0.31321.278
MinimumVisualStudioVersion = 10.0.40219.1
Project("{FAE04EC0-301F-11D3-BF4B-00C04F79EFBC}") = "Pacienteapp", "Pacienteapp\Pacienteapp.csproj", "{785E6EAE-2CDB-4008-952A-DA2DF9F1B7B0}"
EndProject
Global
	GlobalSection(SolutionConfigurationPlatforms) = preSolution
		Debug|Any CPU = Debug|Any CPU
		Release|Any CPU = Release|Any CPU
	EndGlobalSection
	GlobalSection(ProjectConfigurationPlatforms) = postSolution
		{785E6EAE-2CDB-4008-952A-DA2DF9F1B7B0}.Debug|Any CPU.ActiveCfg = Debug|Any CPU
		{785E6EAE-2CDB-4008-952A-DA2DF9F1B7B0}.Debug|Any CPU.Build.0 = Debug|Any CPU
		{785E6EAE-2CDB-4008-952A-DA2DF9F1B7B0}.Release|Any CPU.ActiveCfg = Release|Any CPU
		{785E6EAE-2CDB-4008-952A-DA2DF9F1B7B0}.Release|Any CPU.Build.0 = Release|Any CPU
	EndGlobalSection
	GlobalSection(SolutionProperties) = preSolution
		HideSolutionNode = FALSE
	EndGlobalSection
	GlobalSection(ExtensibilityGlobals) = postSolution
		SolutionGuid = {AB3BC53C-D789-4D2C-8369-0CB6437E7322}
	EndGlobalSection
EndGlobal
